
Microsoft Visual Studio Solution File, Format Version 12.00
# Visual Studio Version 17
VisualStudioVersion = 17.8.34511.84
MinimumVisualStudioVersion = 10.0.40219.1
Project("{8BC9CEB8-8B4A-11D0-8D11-00A0C91BC942}") = "P9-3", "P9-3.vcxproj", "{6BD21036-77B9-43CD-87A8-F97D52970430}"
EndProject
Global
	GlobalSection(SolutionConfigurationPlatforms) = preSolution
		Debug|x64 = Debug|x64
		Debug|x86 = Debug|x86
		Release|x64 = Release|x64
		Release|x86 = Release|x86
	EndGlobalSection
	GlobalSection(ProjectConfigurationPlatforms) = postSolution
		{6BD21036-77B9-43CD-87A8-F97D52970430}.Debug|x64.ActiveCfg = Debug|x64
		{6BD21036-77B9-43CD-87A8-F97D52970430}.Debug|x64.Build.0 = Debug|x64
		{6BD21036-77B9-43CD-87A8-F97D52970430}.Debug|x86.ActiveCfg = Debug|Win32
		{6BD21036-77B9-43CD-87A8-F97D52970430}.Debug|x86.Build.0 = Debug|Win32
		{6BD21036-77B9-43CD-87A8-F97D52970430}.Release|x64.ActiveCfg = Release|x64
		{6BD21036-77B9-43CD-87A8-F97D52970430}.Release|x64.Build.0 = Release|x64
		{6BD21036-77B9-43CD-87A8-F97D52970430}.Release|x86.ActiveCfg = Release|Win32
		{6BD21036-77B9-43CD-87A8-F97D52970430}.Release|x86.Build.0 = Release|Win32
	EndGlobalSection
	GlobalSection(SolutionProperties) = preSolution
		HideSolutionNode = FALSE
	EndGlobalSection
	GlobalSection(ExtensibilityGlobals) = postSolution
		SolutionGuid = {2FD59F7E-9339-493A-A55C-B3354A68F093}
	EndGlobalSection
EndGlobal
